
Microsoft Visual Studio Solution File, Format Version 12.00
# Visual Studio Version 16
VisualStudioVersion = 16.0.29709.97
MinimumVisualStudioVersion = 10.0.40219.1
Project("{FAE04EC0-301F-11D3-BF4B-00C04F79EFBC}") = "FluentAssertions.CSharpFunctionalExtensions", "FluentAssertions.CSharpFunctionalExtensions\FluentAssertions.CSharpFunctionalExtensions.csproj", "{0B4DF233-5285-4733-ADAE-DA3FFAAF0A41}"
EndProject
Project("{FAE04EC0-301F-11D3-BF4B-00C04F79EFBC}") = "FluentAssertions.CSharpFunctionalExtensions.Spec", "FluentAssertions.CSharpFunctionalExtensions.Spec\FluentAssertions.CSharpFunctionalExtensions.Spec.csproj", "{B2C94DC0-F240-4B53-93D2-5AF6AB187CE5}"
EndProject
Global
	GlobalSection(SolutionConfigurationPlatforms) = preSolution
		Debug|Any CPU = Debug|Any CPU
		Release|Any CPU = Release|Any CPU
	EndGlobalSection
	GlobalSection(ProjectConfigurationPlatforms) = postSolution
		{0B4DF233-5285-4733-ADAE-DA3FFAAF0A41}.Debug|Any CPU.ActiveCfg = Debug|Any CPU
		{0B4DF233-5285-4733-ADAE-DA3FFAAF0A41}.Debug|Any CPU.Build.0 = Debug|Any CPU
		{0B4DF233-5285-4733-ADAE-DA3FFAAF0A41}.Release|Any CPU.ActiveCfg = Release|Any CPU
		{0B4DF233-5285-4733-ADAE-DA3FFAAF0A41}.Release|Any CPU.Build.0 = Release|Any CPU
		{B2C94DC0-F240-4B53-93D2-5AF6AB187CE5}.Debug|Any CPU.ActiveCfg = Debug|Any CPU
		{B2C94DC0-F240-4B53-93D2-5AF6AB187CE5}.Debug|Any CPU.Build.0 = Debug|Any CPU
		{B2C94DC0-F240-4B53-93D2-5AF6AB187CE5}.Release|Any CPU.ActiveCfg = Release|Any CPU
		{B2C94DC0-F240-4B53-93D2-5AF6AB187CE5}.Release|Any CPU.Build.0 = Release|Any CPU
	EndGlobalSection
	GlobalSection(SolutionProperties) = preSolution
		HideSolutionNode = FALSE
	EndGlobalSection
	GlobalSection(ExtensibilityGlobals) = postSolution
		SolutionGuid = {7C2D0319-1E2C-42FF-8F0A-ED40A06242CB}
	EndGlobalSection
EndGlobal
